
Microsoft Visual Studio Solution File, Format Version 12.00
# Visual Studio Version 17
VisualStudioVersion = 17.13.35931.197 d17.13
MinimumVisualStudioVersion = 10.0.40219.1
Project("{FAE04EC0-301F-11D3-BF4B-00C04F79EFBC}") = "BBoarifeladat1", "BBoarifeladat1\BBoarifeladat1.csproj", "{3CD4B523-B07F-40CA-9943-6EFB620C7D87}"
EndProject
Global
	GlobalSection(SolutionConfigurationPlatforms) = preSolution
		Debug|Any CPU = Debug|Any CPU
		Release|Any CPU = Release|Any CPU
	EndGlobalSection
	GlobalSection(ProjectConfigurationPlatforms) = postSolution
		{3CD4B523-B07F-40CA-9943-6EFB620C7D87}.Debug|Any CPU.ActiveCfg = Debug|Any CPU
		{3CD4B523-B07F-40CA-9943-6EFB620C7D87}.Debug|Any CPU.Build.0 = Debug|Any CPU
		{3CD4B523-B07F-40CA-9943-6EFB620C7D87}.Release|Any CPU.ActiveCfg = Release|Any CPU
		{3CD4B523-B07F-40CA-9943-6EFB620C7D87}.Release|Any CPU.Build.0 = Release|Any CPU
	EndGlobalSection
	GlobalSection(SolutionProperties) = preSolution
		HideSolutionNode = FALSE
	EndGlobalSection
	GlobalSection(ExtensibilityGlobals) = postSolution
		SolutionGuid = {03A439D1-B970-4B85-BD4A-3FD79DE6CBDB}
	EndGlobalSection
EndGlobal
